// !$*UTF8*$!
{
	archiveVersion = 1;
	classes = {
	};
	objectVersion = 51;
	objects = {

/* Begin PBXBuildFile section */
		5B375B352486984C00935300 /* AppDelegate.swift in Sources */ = {isa = PBXBuildFile; fileRef = 5B375B342486984C00935300 /* AppDelegate.swift */; };
		5B375B372486984C00935300 /* SceneDelegate.swift in Sources */ = {isa = PBXBuildFile; fileRef = 5B375B362486984C00935300 /* SceneDelegate.swift */; };
		5B375B392486984C00935300 /* HomeView.swift in Sources */ = {isa = PBXBuildFile; fileRef = 5B375B382486984C00935300 /* HomeView.swift */; };
		5B375B3B2486985300935300 /* Assets.xcassets in Resources */ = {isa = PBXBuildFile; fileRef = 5B375B3A2486985300935300 /* Assets.xcassets */; };
		5B375B3E2486985300935300 /* Preview Assets.xcassets in Resources */ = {isa = PBXBuildFile; fileRef = 5B375B3D2486985300935300 /* Preview Assets.xcassets */; };
		5B375B412486985300935300 /* LaunchScreen.storyboard in Resources */ = {isa = PBXBuildFile; fileRef = 5B375B3F2486985300935300 /* LaunchScreen.storyboard */; };
		5B375B492486997D00935300 /* GoogleService-Info.plist in Resources */ = {isa = PBXBuildFile; fileRef = 5B375B482486997D00935300 /* GoogleService-Info.plist */; };
		5B375B4B24869C3800935300 /* SessionStore.swift in Sources */ = {isa = PBXBuildFile; fileRef = 5B375B4A24869C3800935300 /* SessionStore.swift */; };
		5B375B4D2486B9DA00935300 /* ContentView.swift in Sources */ = {isa = PBXBuildFile; fileRef = 5B375B4C2486B9DA00935300 /* ContentView.swift */; };
		5B375B4F2486C15F00935300 /* ErrorHandler.swift in Sources */ = {isa = PBXBuildFile; fileRef = 5B375B4E2486C15F00935300 /* ErrorHandler.swift */; };
		5B375B512486C2B400935300 /* SignUpView.swift in Sources */ = {isa = PBXBuildFile; fileRef = 5B375B502486C2B300935300 /* SignUpView.swift */; };
		5B375B532486C63200935300 /* CustomModifiers.swift in Sources */ = {isa = PBXBuildFile; fileRef = 5B375B522486C63200935300 /* CustomModifiers.swift */; };
		5B375B552486C66400935300 /* ImagePicker.swift in Sources */ = {isa = PBXBuildFile; fileRef = 5B375B542486C66400935300 /* ImagePicker.swift */; };
		5B375B572486C8AD00935300 /* Keyboard+notification.swift in Sources */ = {isa = PBXBuildFile; fileRef = 5B375B562486C8AD00935300 /* Keyboard+notification.swift */; };
		5B375B5D2487556C00935300 /* User.swift in Sources */ = {isa = PBXBuildFile; fileRef = 5B375B5C2487556C00935300 /* User.swift */; };
		5B375B5F248756A000935300 /* Message.swift in Sources */ = {isa = PBXBuildFile; fileRef = 5B375B5E248756A000935300 /* Message.swift */; };
		5B375B61248756BD00935300 /* Constants.swift in Sources */ = {isa = PBXBuildFile; fileRef = 5B375B60248756BD00935300 /* Constants.swift */; };
		720CD5ABEBE5F44D704FBBB5 /* Pods_ChatApp.framework in Frameworks */ = {isa = PBXBuildFile; fileRef = F74F6CF375EDCA4EECAB9C71 /* Pods_ChatApp.framework */; };
/* End PBXBuildFile section */

/* Begin PBXFileReference section */
		2C98D524C2D04431CE08163B /* Pods-ChatApp.release.xcconfig */ = {isa = PBXFileReference; includeInIndex = 1; lastKnownFileType = text.xcconfig; name = "Pods-ChatApp.release.xcconfig"; path = "Target Support Files/Pods-ChatApp/Pods-ChatApp.release.xcconfig"; sourceTree = "<group>"; };
		5B375B312486984C00935300 /* ChatApp.app */ = {isa = PBXFileReference; explicitFileType = wrapper.application; includeInIndex = 0; path = ChatApp.app; sourceTree = BUILT_PRODUCTS_DIR; };
		5B375B342486984C00935300 /* AppDelegate.swift */ = {isa = PBXFileReference; lastKnownFileType = sourcecode.swift; path = AppDelegate.swift; sourceTree = "<group>"; };
		5B375B362486984C00935300 /* SceneDelegate.swift */ = {isa = PBXFileReference; lastKnownFileType = sourcecode.swift; path = SceneDelegate.swift; sourceTree = "<group>"; };
		5B375B382486984C00935300 /* HomeView.swift */ = {isa = PBXFileReference; lastKnownFileType = sourcecode.swift; path = HomeView.swift; sourceTree = "<group>"; };
		5B375B3A2486985300935300 /* Assets.xcassets */ = {isa = PBXFileReference; lastKnownFileType = folder.assetcatalog; path = Assets.xcassets; sourceTree = "<group>"; };
		5B375B3D2486985300935300 /* Preview Assets.xcassets */ = {isa = PBXFileReference; lastKnownFileType = folder.assetcatalog; path = "Preview Assets.xcassets"; sourceTree = "<group>"; };
		5B375B402486985300935300 /* Base */ = {isa = PBXFileReference; lastKnownFileType = file.storyboard; name = Base; path = Base.lproj/LaunchScreen.storyboard; sourceTree = "<group>"; };
		5B375B422486985300935300 /* Info.plist */ = {isa = PBXFileReference; lastKnownFileType = text.plist.xml; path = Info.plist; sourceTree = "<group>"; };
		5B375B482486997D00935300 /* GoogleService-Info.plist */ = {isa = PBXFileReference; fileEncoding = 4; lastKnownFileType = text.plist.xml; path = "GoogleService-Info.plist"; sourceTree = "<group>"; };
		5B375B4A24869C3800935300 /* SessionStore.swift */ = {isa = PBXFileReference; lastKnownFileType = sourcecode.swift; name = SessionStore.swift; path = "../New Group/SessionStore.swift"; sourceTree = "<group>"; };
		5B375B4C2486B9DA00935300 /* ContentView.swift */ = {isa = PBXFileReference; lastKnownFileType = sourcecode.swift; path = ContentView.swift; sourceTree = "<group>"; };
		5B375B4E2486C15F00935300 /* ErrorHandler.swift */ = {isa = PBXFileReference; fileEncoding = 4; lastKnownFileType = sourcecode.swift; path = ErrorHandler.swift; sourceTree = "<group>"; };
		5B375B502486C2B300935300 /* SignUpView.swift */ = {isa = PBXFileReference; lastKnownFileType = sourcecode.swift; path = SignUpView.swift; sourceTree = "<group>"; };
		5B375B522486C63200935300 /* CustomModifiers.swift */ = {isa = PBXFileReference; lastKnownFileType = sourcecode.swift; name = CustomModifiers.swift; path = "../New Group1/CustomModifiers.swift"; sourceTree = "<group>"; };
		5B375B542486C66400935300 /* ImagePicker.swift */ = {isa = PBXFileReference; fileEncoding = 4; lastKnownFileType = sourcecode.swift; path = ImagePicker.swift; sourceTree = "<group>"; };
		5B375B562486C8AD00935300 /* Keyboard+notification.swift */ = {isa = PBXFileReference; fileEncoding = 4; lastKnownFileType = sourcecode.swift; path = "Keyboard+notification.swift"; sourceTree = "<group>"; };
		5B375B5C2487556C00935300 /* User.swift */ = {isa = PBXFileReference; lastKnownFileType = sourcecode.swift; path = User.swift; sourceTree = "<group>"; };
		5B375B5E248756A000935300 /* Message.swift */ = {isa = PBXFileReference; lastKnownFileType = sourcecode.swift; path = Message.swift; sourceTree = "<group>"; };
		5B375B60248756BD00935300 /* Constants.swift */ = {isa = PBXFileReference; lastKnownFileType = sourcecode.swift; path = Constants.swift; sourceTree = "<group>"; };
		6B298B996159DD6A77E5C70F /* Pods-ChatApp.debug.xcconfig */ = {isa = PBXFileReference; includeInIndex = 1; lastKnownFileType = text.xcconfig; name = "Pods-ChatApp.debug.xcconfig"; path = "Target Support Files/Pods-ChatApp/Pods-ChatApp.debug.xcconfig"; sourceTree = "<group>"; };
		F74F6CF375EDCA4EECAB9C71 /* Pods_ChatApp.framework */ = {isa = PBXFileReference; explicitFileType = wrapper.framework; includeInIndex = 0; path = Pods_ChatApp.framework; sourceTree = BUILT_PRODUCTS_DIR; };
/* End PBXFileReference section */

/* Begin PBXFrameworksBuildPhase section */
		5B375B2E2486984C00935300 /* Frameworks */ = {
			isa = PBXFrameworksBuildPhase;
			buildActionMask = 2147483647;
			files = (
				720CD5ABEBE5F44D704FBBB5 /* Pods_ChatApp.framework in Frameworks */,
			);
			runOnlyForDeploymentPostprocessing = 0;
		};
/* End PBXFrameworksBuildPhase section */

/* Begin PBXGroup section */
		4F05DABD4BE010B7526A40F3 /* Pods */ = {
			isa = PBXGroup;
			children = (
				6B298B996159DD6A77E5C70F /* Pods-ChatApp.debug.xcconfig */,
				2C98D524C2D04431CE08163B /* Pods-ChatApp.release.xcconfig */,
			);
			path = Pods;
			sourceTree = "<group>";
		};
		5B375B282486984B00935300 = {
			isa = PBXGroup;
			children = (
				5B375B332486984C00935300 /* ChatApp */,
				5B375B322486984C00935300 /* Products */,
				4F05DABD4BE010B7526A40F3 /* Pods */,
				5DD1D17CD139AEC49D583509 /* Frameworks */,
			);
			sourceTree = "<group>";
		};
		5B375B322486984C00935300 /* Products */ = {
			isa = PBXGroup;
			children = (
				5B375B312486984C00935300 /* ChatApp.app */,
			);
			name = Products;
			sourceTree = "<group>";
		};
		5B375B332486984C00935300 /* ChatApp */ = {
			isa = PBXGroup;
			children = (
				5B375B582487552000935300 /* Model */,
				5B375B5B2487555300935300 /* Utilities */,
				5B375B5A2487554200935300 /* CustomView */,
				5B375B592487552E00935300 /* View */,
				5B375B4E2486C15F00935300 /* ErrorHandler.swift */,
				5B375B342486984C00935300 /* AppDelegate.swift */,
				5B375B362486984C00935300 /* SceneDelegate.swift */,
				5B375B3A2486985300935300 /* Assets.xcassets */,
				5B375B3F2486985300935300 /* LaunchScreen.storyboard */,
				5B375B422486985300935300 /* Info.plist */,
				5B375B482486997D00935300 /* GoogleService-Info.plist */,
				5B375B3C2486985300935300 /* Preview Content */,
				5B375B60248756BD00935300 /* Constants.swift */,
			);
			path = ChatApp;
			sourceTree = "<group>";
		};
		5B375B3C2486985300935300 /* Preview Content */ = {
			isa = PBXGroup;
			children = (
				5B375B3D2486985300935300 /* Preview Assets.xcassets */,
			);
			path = "Preview Content";
			sourceTree = "<group>";
		};
		5B375B582487552000935300 /* Model */ = {
			isa = PBXGroup;
			children = (
				5B375B4A24869C3800935300 /* SessionStore.swift */,
				5B375B5C2487556C00935300 /* User.swift */,
				5B375B5E248756A000935300 /* Message.swift */,
			);
			path = Model;
			sourceTree = "<group>";
		};
		5B375B592487552E00935300 /* View */ = {
			isa = PBXGroup;
			children = (
				5B375B382486984C00935300 /* HomeView.swift */,
				5B375B4C2486B9DA00935300 /* ContentView.swift */,
				5B375B502486C2B300935300 /* SignUpView.swift */,
			);
			path = View;
			sourceTree = "<group>";
		};
		5B375B5A2487554200935300 /* CustomView */ = {
			isa = PBXGroup;
			children = (
				5B375B522486C63200935300 /* CustomModifiers.swift */,
			);
			path = CustomView;
			sourceTree = "<group>";
		};
		5B375B5B2487555300935300 /* Utilities */ = {
			isa = PBXGroup;
			children = (
				5B375B562486C8AD00935300 /* Keyboard+notification.swift */,
				5B375B542486C66400935300 /* ImagePicker.swift */,
			);
			path = Utilities;
			sourceTree = "<group>";
		};
		5DD1D17CD139AEC49D583509 /* Frameworks */ = {
			isa = PBXGroup;
			children = (
				F74F6CF375EDCA4EECAB9C71 /* Pods_ChatApp.framework */,
			);
			name = Frameworks;
			sourceTree = "<group>";
		};
/* End PBXGroup section */

/* Begin PBXNativeTarget section */
		5B375B302486984C00935300 /* ChatApp */ = {
			isa = PBXNativeTarget;
			buildConfigurationList = 5B375B452486985400935300 /* Build configuration list for PBXNativeTarget "ChatApp" */;
			buildPhases = (
				03D93ECDA76E7E6801914EEB /* [CP] Check Pods Manifest.lock */,
				5B375B2D2486984C00935300 /* Sources */,
				5B375B2E2486984C00935300 /* Frameworks */,
				5B375B2F2486984C00935300 /* Resources */,
				2B195014A0C12E54AD61206C /* [CP] Embed Pods Frameworks */,
				B789BEA4E7EBD5D9EBD039C7 /* [CP] Copy Pods Resources */,
			);
			buildRules = (
			);
			dependencies = (
			);
			name = ChatApp;
			productName = ChatApp;
			productReference = 5B375B312486984C00935300 /* ChatApp.app */;
			productType = "com.apple.product-type.application";
		};
/* End PBXNativeTarget section */

/* Begin PBXProject section */
		5B375B292486984B00935300 /* Project object */ = {
			isa = PBXProject;
			attributes = {
				LastSwiftUpdateCheck = 1140;
				LastUpgradeCheck = 1140;
				ORGANIZATIONNAME = "Aaryan Kothari";
				TargetAttributes = {
					5B375B302486984C00935300 = {
						CreatedOnToolsVersion = 11.4;
					};
				};
			};
			buildConfigurationList = 5B375B2C2486984B00935300 /* Build configuration list for PBXProject "ChatApp" */;
			compatibilityVersion = "Xcode 9.3";
			developmentRegion = en;
			hasScannedForEncodings = 0;
			knownRegions = (
				en,
				Base,
			);
			mainGroup = 5B375B282486984B00935300;
			productRefGroup = 5B375B322486984C00935300 /* Products */;
			projectDirPath = "";
			projectRoot = "";
			targets = (
				5B375B302486984C00935300 /* ChatApp */,
			);
		};
/* End PBXProject section */

/* Begin PBXResourcesBuildPhase section */
		5B375B2F2486984C00935300 /* Resources */ = {
			isa = PBXResourcesBuildPhase;
			buildActionMask = 2147483647;
			files = (
				5B375B412486985300935300 /* LaunchScreen.storyboard in Resources */,
				5B375B492486997D00935300 /* GoogleService-Info.plist in Resources */,
				5B375B3E2486985300935300 /* Preview Assets.xcassets in Resources */,
				5B375B3B2486985300935300 /* Assets.xcassets in Resources */,
			);
			runOnlyForDeploymentPostprocessing = 0;
		};
/* End PBXResourcesBuildPhase section */

/* Begin PBXShellScriptBuildPhase section */
		03D93ECDA76E7E6801914EEB /* [CP] Check Pods Manifest.lock */ = {
			isa = PBXShellScriptBuildPhase;
			buildActionMask = 2147483647;
			files = (
			);
			inputFileListPaths = (
			);
			inputPaths = (
				"${PODS_PODFILE_DIR_PATH}/Podfile.lock",
				"${PODS_ROOT}/Manifest.lock",
			);
			name = "[CP] Check Pods Manifest.lock";
			outputFileListPaths = (
			);
			outputPaths = (
				"$(DERIVED_FILE_DIR)/Pods-ChatApp-checkManifestLockResult.txt",
			);
			runOnlyForDeploymentPostprocessing = 0;
			shellPath = /bin/sh;
			shellScript = "diff \"${PODS_PODFILE_DIR_PATH}/Podfile.lock\" \"${PODS_ROOT}/Manifest.lock\" > /dev/null\nif [ $? != 0 ] ; then\n    # print error to STDERR\n    echo \"error: The sandbox is not in sync with the Podfile.lock. Run 'pod install' or update your CocoaPods installation.\" >&2\n    exit 1\nfi\n# This output is used by Xcode 'outputs' to avoid re-running this script phase.\necho \"SUCCESS\" > \"${SCRIPT_OUTPUT_FILE_0}\"\n";
			showEnvVarsInLog = 0;
		};
		2B195014A0C12E54AD61206C /* [CP] Embed Pods Frameworks */ = {
			isa = PBXShellScriptBuildPhase;
			buildActionMask = 2147483647;
			files = (
			);
			inputFileListPaths = (
				"${PODS_ROOT}/Target Support Files/Pods-ChatApp/Pods-ChatApp-frameworks-${CONFIGURATION}-input-files.xcfilelist",
			);
			name = "[CP] Embed Pods Frameworks";
			outputFileListPaths = (
				"${PODS_ROOT}/Target Support Files/Pods-ChatApp/Pods-ChatApp-frameworks-${CONFIGURATION}-output-files.xcfilelist",
			);
			runOnlyForDeploymentPostprocessing = 0;
			shellPath = /bin/sh;
			shellScript = "\"${PODS_ROOT}/Target Support Files/Pods-ChatApp/Pods-ChatApp-frameworks.sh\"\n";
			showEnvVarsInLog = 0;
		};
		B789BEA4E7EBD5D9EBD039C7 /* [CP] Copy Pods Resources */ = {
			isa = PBXShellScriptBuildPhase;
			buildActionMask = 2147483647;
			files = (
			);
			inputFileListPaths = (
				"${PODS_ROOT}/Target Support Files/Pods-ChatApp/Pods-ChatApp-resources-${CONFIGURATION}-input-files.xcfilelist",
			);
			name = "[CP] Copy Pods Resources";
			outputFileListPaths = (
				"${PODS_ROOT}/Target Support Files/Pods-ChatApp/Pods-ChatApp-resources-${CONFIGURATION}-output-files.xcfilelist",
			);
			runOnlyForDeploymentPostprocessing = 0;
			shellPath = /bin/sh;
			shellScript = "\"${PODS_ROOT}/Target Support Files/Pods-ChatApp/Pods-ChatApp-resources.sh\"\n";
			showEnvVarsInLog = 0;
		};
/* End PBXShellScriptBuildPhase section */

/* Begin PBXSourcesBuildPhase section */
		5B375B2D2486984C00935300 /* Sources */ = {
			isa = PBXSourcesBuildPhase;
			buildActionMask = 2147483647;
			files = (
				5B375B352486984C00935300 /* AppDelegate.swift in Sources */,
				5B375B4D2486B9DA00935300 /* ContentView.swift in Sources */,
				5B375B372486984C00935300 /* SceneDelegate.swift in Sources */,
				5B375B552486C66400935300 /* ImagePicker.swift in Sources */,
				5B375B512486C2B400935300 /* SignUpView.swift in Sources */,
				5B375B4F2486C15F00935300 /* ErrorHandler.swift in Sources */,
				5B375B532486C63200935300 /* CustomModifiers.swift in Sources */,
				5B375B61248756BD00935300 /* Constants.swift in Sources */,
				5B375B4B24869C3800935300 /* SessionStore.swift in Sources */,
				5B375B392486984C00935300 /* HomeView.swift in Sources */,
				5B375B5F248756A000935300 /* Message.swift in Sources */,
				5B375B572486C8AD00935300 /* Keyboard+notification.swift in Sources */,
				5B375B5D2487556C00935300 /* User.swift in Sources */,
			);
			runOnlyForDeploymentPostprocessing = 0;
		};
/* End PBXSourcesBuildPhase section */

/* Begin PBXVariantGroup section */
		5B375B3F2486985300935300 /* LaunchScreen.storyboard */ = {
			isa = PBXVariantGroup;
			children = (
				5B375B402486985300935300 /* Base */,
			);
			name = LaunchScreen.storyboard;
			sourceTree = "<group>";
		};
/* End PBXVariantGroup section */

/* Begin XCBuildConfiguration section */
		5B375B432486985300935300 /* Debug */ = {
			isa = XCBuildConfiguration;
			buildSettings = {
				ALWAYS_SEARCH_USER_PATHS = NO;
				CLANG_ANALYZER_NONNULL = YES;
				CLANG_ANALYZER_NUMBER_OBJECT_CONVERSION = YES_AGGRESSIVE;
				CLANG_CXX_LANGUAGE_STANDARD = "gnu++14";
				CLANG_CXX_LIBRARY = "libc++";
				CLANG_ENABLE_MODULES = YES;
				CLANG_ENABLE_OBJC_ARC = YES;
				CLANG_ENABLE_OBJC_WEAK = YES;
				CLANG_WARN_BLOCK_CAPTURE_AUTORELEASING = YES;
				CLANG_WARN_BOOL_CONVERSION = YES;
				CLANG_WARN_COMMA = YES;
				CLANG_WARN_CONSTANT_CONVERSION = YES;
				CLANG_WARN_DEPRECATED_OBJC_IMPLEMENTATIONS = YES;
				CLANG_WARN_DIRECT_OBJC_ISA_USAGE = YES_ERROR;
				CLANG_WARN_DOCUMENTATION_COMMENTS = YES;
				CLANG_WARN_EMPTY_BODY = YES;
				CLANG_WARN_ENUM_CONVERSION = YES;
				CLANG_WARN_INFINITE_RECURSION = YES;
				CLANG_WARN_INT_CONVERSION = YES;
				CLANG_WARN_NON_LITERAL_NULL_CONVERSION = YES;
				CLANG_WARN_OBJC_IMPLICIT_RETAIN_SELF = YES;
				CLANG_WARN_OBJC_LITERAL_CONVERSION = YES;
				CLANG_WARN_OBJC_ROOT_CLASS = YES_ERROR;
				CLANG_WARN_RANGE_LOOP_ANALYSIS = YES;
				CLANG_WARN_STRICT_PROTOTYPES = YES;
				CLANG_WARN_SUSPICIOUS_MOVE = YES;
				CLANG_WARN_UNGUARDED_AVAILABILITY = YES_AGGRESSIVE;
				CLANG_WARN_UNREACHABLE_CODE = YES;
				CLANG_WARN__DUPLICATE_METHOD_MATCH = YES;
				COPY_PHASE_STRIP = NO;
				DEBUG_INFORMATION_FORMAT = dwarf;
				ENABLE_STRICT_OBJC_MSGSEND = YES;
				ENABLE_TESTABILITY = YES;
				GCC_C_LANGUAGE_STANDARD = gnu11;
				GCC_DYNAMIC_NO_PIC = NO;
				GCC_NO_COMMON_BLOCKS = YES;
				GCC_OPTIMIZATION_LEVEL = 0;
				GCC_PREPROCESSOR_DEFINITIONS = (
					"DEBUG=1",
					"$(inherited)",
				);
				GCC_WARN_64_TO_32_BIT_CONVERSION = YES;
				GCC_WARN_ABOUT_RETURN_TYPE = YES_ERROR;
				GCC_WARN_UNDECLARED_SELECTOR = YES;
				GCC_WARN_UNINITIALIZED_AUTOS = YES_AGGRESSIVE;
				GCC_WARN_UNUSED_FUNCTION = YES;
				GCC_WARN_UNUSED_VARIABLE = YES;
				IPHONEOS_DEPLOYMENT_TARGET = 13.4;
				MTL_ENABLE_DEBUG_INFO = INCLUDE_SOURCE;
				MTL_FAST_MATH = YES;
				ONLY_ACTIVE_ARCH = YES;
				SDKROOT = iphoneos;
				SWIFT_ACTIVE_COMPILATION_CONDITIONS = DEBUG;
				SWIFT_OPTIMIZATION_LEVEL = "-Onone";
			};
			name = Debug;
		};
		5B375B442486985300935300 /* Release */ = {
			isa = XCBuildConfiguration;
			buildSettings = {
				ALWAYS_SEARCH_USER_PATHS = NO;
				CLANG_ANALYZER_NONNULL = YES;
				CLANG_ANALYZER_NUMBER_OBJECT_CONVERSION = YES_AGGRESSIVE;
				CLANG_CXX_LANGUAGE_STANDARD = "gnu++14";
				CLANG_CXX_LIBRARY = "libc++";
				CLANG_ENABLE_MODULES = YES;
				CLANG_ENABLE_OBJC_ARC = YES;
				CLANG_ENABLE_OBJC_WEAK = YES;
				CLANG_WARN_BLOCK_CAPTURE_AUTORELEASING = YES;
				CLANG_WARN_BOOL_CONVERSION = YES;
				CLANG_WARN_COMMA = YES;
				CLANG_WARN_CONSTANT_CONVERSION = YES;
				CLANG_WARN_DEPRECATED_OBJC_IMPLEMENTATIONS = YES;
				CLANG_WARN_DIRECT_OBJC_ISA_USAGE = YES_ERROR;
				CLANG_WARN_DOCUMENTATION_COMMENTS = YES;
				CLANG_WARN_EMPTY_BODY = YES;
				CLANG_WARN_ENUM_CONVERSION = YES;
				CLANG_WARN_INFINITE_RECURSION = YES;
				CLANG_WARN_INT_CONVERSION = YES;
				CLANG_WARN_NON_LITERAL_NULL_CONVERSION = YES;
				CLANG_WARN_OBJC_IMPLICIT_RETAIN_SELF = YES;
				CLANG_WARN_OBJC_LITERAL_CONVERSION = YES;
				CLANG_WARN_OBJC_ROOT_CLASS = YES_ERROR;
				CLANG_WARN_RANGE_LOOP_ANALYSIS = YES;
				CLANG_WARN_STRICT_PROTOTYPES = YES;
				CLANG_WARN_SUSPICIOUS_MOVE = YES;
				CLANG_WARN_UNGUARDED_AVAILABILITY = YES_AGGRESSIVE;
				CLANG_WARN_UNREACHABLE_CODE = YES;
				CLANG_WARN__DUPLICATE_METHOD_MATCH = YES;
				COPY_PHASE_STRIP = NO;
				DEBUG_INFORMATION_FORMAT = "dwarf-with-dsym";
				ENABLE_NS_ASSERTIONS = NO;
				ENABLE_STRICT_OBJC_MSGSEND = YES;
				GCC_C_LANGUAGE_STANDARD = gnu11;
				GCC_NO_COMMON_BLOCKS = YES;
				GCC_WARN_64_TO_32_BIT_CONVERSION = YES;
				GCC_WARN_ABOUT_RETURN_TYPE = YES_ERROR;
				GCC_WARN_UNDECLARED_SELECTOR = YES;
				GCC_WARN_UNINITIALIZED_AUTOS = YES_AGGRESSIVE;
				GCC_WARN_UNUSED_FUNCTION = YES;
				GCC_WARN_UNUSED_VARIABLE = YES;
				IPHONEOS_DEPLOYMENT_TARGET = 13.4;
				MTL_ENABLE_DEBUG_INFO = NO;
				MTL_FAST_MATH = YES;
				SDKROOT = iphoneos;
				SWIFT_COMPILATION_MODE = wholemodule;
				SWIFT_OPTIMIZATION_LEVEL = "-O";
				VALIDATE_PRODUCT = YES;
			};
			name = Release;
		};
		5B375B462486985400935300 /* Debug */ = {
			isa = XCBuildConfiguration;
			baseConfigurationReference = 6B298B996159DD6A77E5C70F /* Pods-ChatApp.debug.xcconfig */;
			buildSettings = {
				ASSETCATALOG_COMPILER_APPICON_NAME = AppIcon;
				CODE_SIGN_STYLE = Automatic;
				DEVELOPMENT_ASSET_PATHS = "\"ChatApp/Preview Content\"";
				DEVELOPMENT_TEAM = F8CHS6PHQS;
				ENABLE_PREVIEWS = YES;
				INFOPLIST_FILE = ChatApp/Info.plist;
				LD_RUNPATH_SEARCH_PATHS = (
					"$(inherited)",
					"@executable_path/Frameworks",
				);
				PRODUCT_BUNDLE_IDENTIFIER = ak.ChatApp;
				PRODUCT_NAME = "$(TARGET_NAME)";
				SWIFT_VERSION = 5.0;
				TARGETED_DEVICE_FAMILY = "1,2";
			};
			name = Debug;
		};
		5B375B472486985400935300 /* Release */ = {
			isa = XCBuildConfiguration;
			baseConfigurationReference = 2C98D524C2D04431CE08163B /* Pods-ChatApp.release.xcconfig */;
			buildSettings = {
				ASSETCATALOG_COMPILER_APPICON_NAME = AppIcon;
				CODE_SIGN_STYLE = Automatic;
				DEVELOPMENT_ASSET_PATHS = "\"ChatApp/Preview Content\"";
				DEVELOPMENT_TEAM = F8CHS6PHQS;
				ENABLE_PREVIEWS = YES;
				INFOPLIST_FILE = ChatApp/Info.plist;
				LD_RUNPATH_SEARCH_PATHS = (
					"$(inherited)",
					"@executable_path/Frameworks",
				);
				PRODUCT_BUNDLE_IDENTIFIER = ak.ChatApp;
				PRODUCT_NAME = "$(TARGET_NAME)";
				SWIFT_VERSION = 5.0;
				TARGETED_DEVICE_FAMILY = "1,2";
			};
			name = Release;
		};
/* End XCBuildConfiguration section */

/* Begin XCConfigurationList section */
		5B375B2C2486984B00935300 /* Build configuration list for PBXProject "ChatApp" */ = {
			isa = XCConfigurationList;
			buildConfigurations = (
				5B375B432486985300935300 /* Debug */,
				5B375B442486985300935300 /* Release */,
			);
			defaultConfigurationIsVisible = 0;
			defaultConfigurationName = Release;
		};
		5B375B452486985400935300 /* Build configuration list for PBXNativeTarget "ChatApp" */ = {
			isa = XCConfigurationList;
			buildConfigurations = (
				5B375B462486985400935300 /* Debug */,
				5B375B472486985400935300 /* Release */,
			);
			defaultConfigurationIsVisible = 0;
			defaultConfigurationName = Release;
		};
/* End XCConfigurationList section */
	};
	rootObject = 5B375B292486984B00935300 /* Project object */;
}
